
Microsoft Visual Studio Solution File, Format Version 12.00
# Visual Studio Version 16
VisualStudioVersion = 16.0.30907.101
MinimumVisualStudioVersion = 10.0.40219.1
Project("{FAE04EC0-301F-11D3-BF4B-00C04F79EFBC}") = "GothamCareApi", "GothamCareApi\GothamCareApi.csproj", "{99FB376F-182B-4036-A2DD-E24B3129C28D}"
EndProject
Global
	GlobalSection(SolutionConfigurationPlatforms) = preSolution
		Debug|Any CPU = Debug|Any CPU
		Release|Any CPU = Release|Any CPU
	EndGlobalSection
	GlobalSection(ProjectConfigurationPlatforms) = postSolution
		{99FB376F-182B-4036-A2DD-E24B3129C28D}.Debug|Any CPU.ActiveCfg = Debug|Any CPU
		{99FB376F-182B-4036-A2DD-E24B3129C28D}.Debug|Any CPU.Build.0 = Debug|Any CPU
		{99FB376F-182B-4036-A2DD-E24B3129C28D}.Release|Any CPU.ActiveCfg = Release|Any CPU
		{99FB376F-182B-4036-A2DD-E24B3129C28D}.Release|Any CPU.Build.0 = Release|Any CPU
	EndGlobalSection
	GlobalSection(SolutionProperties) = preSolution
		HideSolutionNode = FALSE
	EndGlobalSection
	GlobalSection(ExtensibilityGlobals) = postSolution
		SolutionGuid = {5BE47A63-703A-4E8D-882E-B10C42D77A07}
	EndGlobalSection
EndGlobal
